
Microsoft Visual Studio Solution File, Format Version 12.00
# Visual Studio Version 17
VisualStudioVersion = 17.9.34616.47
MinimumVisualStudioVersion = 10.0.40219.1
Project("{8BC9CEB8-8B4A-11D0-8D11-00A0C91BC942}") = "双链表", "双链表.vcxproj", "{071FBA04-3C79-460E-B834-A6697820BD85}"
EndProject
Global
	GlobalSection(SolutionConfigurationPlatforms) = preSolution
		Debug|x64 = Debug|x64
		Debug|x86 = Debug|x86
		Release|x64 = Release|x64
		Release|x86 = Release|x86
	EndGlobalSection
	GlobalSection(ProjectConfigurationPlatforms) = postSolution
		{071FBA04-3C79-460E-B834-A6697820BD85}.Debug|x64.ActiveCfg = Debug|x64
		{071FBA04-3C79-460E-B834-A6697820BD85}.Debug|x64.Build.0 = Debug|x64
		{071FBA04-3C79-460E-B834-A6697820BD85}.Debug|x86.ActiveCfg = Debug|Win32
		{071FBA04-3C79-460E-B834-A6697820BD85}.Debug|x86.Build.0 = Debug|Win32
		{071FBA04-3C79-460E-B834-A6697820BD85}.Release|x64.ActiveCfg = Release|x64
		{071FBA04-3C79-460E-B834-A6697820BD85}.Release|x64.Build.0 = Release|x64
		{071FBA04-3C79-460E-B834-A6697820BD85}.Release|x86.ActiveCfg = Release|Win32
		{071FBA04-3C79-460E-B834-A6697820BD85}.Release|x86.Build.0 = Release|Win32
	EndGlobalSection
	GlobalSection(SolutionProperties) = preSolution
		HideSolutionNode = FALSE
	EndGlobalSection
	GlobalSection(ExtensibilityGlobals) = postSolution
		SolutionGuid = {2560625F-3831-4F27-B458-C8EAECB6C887}
	EndGlobalSection
EndGlobal
